
Microsoft Visual Studio Solution File, Format Version 12.00
# Visual Studio Version 17
VisualStudioVersion = 17.10.35004.147
MinimumVisualStudioVersion = 10.0.40219.1
Project("{FAE04EC0-301F-11D3-BF4B-00C04F79EFBC}") = "OpcUa.Lads.Foundation.Server", "OpcUa.Lads.Foundation.Server\OpcUa.Lads.Foundation.Server.csproj", "{75386D62-9FCC-4FF7-AA21-96E9A092DD7D}"
EndProject
Global
	GlobalSection(SolutionConfigurationPlatforms) = preSolution
		Debug|Any CPU = Debug|Any CPU
		Release|Any CPU = Release|Any CPU
	EndGlobalSection
	GlobalSection(ProjectConfigurationPlatforms) = postSolution
		{75386D62-9FCC-4FF7-AA21-96E9A092DD7D}.Debug|Any CPU.ActiveCfg = Debug|Any CPU
		{75386D62-9FCC-4FF7-AA21-96E9A092DD7D}.Debug|Any CPU.Build.0 = Debug|Any CPU
		{75386D62-9FCC-4FF7-AA21-96E9A092DD7D}.Release|Any CPU.ActiveCfg = Release|Any CPU
		{75386D62-9FCC-4FF7-AA21-96E9A092DD7D}.Release|Any CPU.Build.0 = Release|Any CPU
	EndGlobalSection
	GlobalSection(SolutionProperties) = preSolution
		HideSolutionNode = FALSE
	EndGlobalSection
	GlobalSection(ExtensibilityGlobals) = postSolution
		SolutionGuid = {3696FB0D-8068-45D5-8A99-108095980992}
	EndGlobalSection
EndGlobal
